
Microsoft Visual Studio Solution File, Format Version 12.00
# Visual Studio 15
VisualStudioVersion = 15.0.28307.852
MinimumVisualStudioVersion = 10.0.40219.1
Project("{FAE04EC0-301F-11D3-BF4B-00C04F79EFBC}") = "Lab01", "Lab01\Lab01.csproj", "{8EA2CD77-0926-4CA5-8963-3E9CDA3BF504}"
EndProject
Project("{FAE04EC0-301F-11D3-BF4B-00C04F79EFBC}") = "Lab02", "Lab02\Lab02.csproj", "{A1F189F8-05F8-4418-A1DD-D1944B8B43BA}"
EndProject
Project("{FAE04EC0-301F-11D3-BF4B-00C04F79EFBC}") = "Lab03", "Lab03\Lab03.csproj", "{2AE3D5AD-8328-4138-BAFA-48D0DE6927AA}"
EndProject
Project("{FAE04EC0-301F-11D3-BF4B-00C04F79EFBC}") = "Lab04", "Lab04\Lab04.csproj", "{B4298217-BA4E-4335-9DDD-7AB5BD0D0105}"
EndProject
Project("{FAE04EC0-301F-11D3-BF4B-00C04F79EFBC}") = "Lab05", "Lab05\Lab05.csproj", "{A8CABE3E-41C6-4771-8795-BDA128C51600}"
EndProject
Project("{FAE04EC0-301F-11D3-BF4B-00C04F79EFBC}") = "SimpleEngine", "SimpleEngine\SimpleEngine.csproj", "{32480E82-41C8-458B-BCF7-B422ED21BF1C}"
EndProject
Project("{FAE04EC0-301F-11D3-BF4B-00C04F79EFBC}") = "Assignment1", "Assignment1\Assignment1.csproj", "{9C71DA6C-E739-42EB-8B14-3F8ACD679B8E}"
EndProject
Project("{FAE04EC0-301F-11D3-BF4B-00C04F79EFBC}") = "Lab06", "Lab06\Lab06.csproj", "{9F67954D-F14F-4CBF-BBCF-F6FC3A3F68C9}"
EndProject
Project("{FAE04EC0-301F-11D3-BF4B-00C04F79EFBC}") = "Lab07", "Lab07\Lab07.csproj", "{5F77FEDA-40F5-4F8D-A016-4D6DBD6DDDB3}"
EndProject
Project("{FAE04EC0-301F-11D3-BF4B-00C04F79EFBC}") = "Assignment2", "Assignment2\Assignment2.csproj", "{302107DF-1957-427F-BC19-5E05953487A2}"
EndProject
Project("{FAE04EC0-301F-11D3-BF4B-00C04F79EFBC}") = "Lab08", "Lab08\Lab08.csproj", "{E133BA0A-643B-42C9-88C9-4F9DE59A6257}"
EndProject
Project("{FAE04EC0-301F-11D3-BF4B-00C04F79EFBC}") = "Lab08IP", "Lab08IP\Lab08IP.csproj", "{686647AC-7452-46E1-AFB8-7F13BCC23599}"
EndProject
Project("{FAE04EC0-301F-11D3-BF4B-00C04F79EFBC}") = "Assignment3", "Assignment3\Assignment3.csproj", "{25901BB2-4A36-46E2-89D5-BBC688AC173E}"
EndProject
Project("{FAE04EC0-301F-11D3-BF4B-00C04F79EFBC}") = "Lab09", "Lab09\Lab09.csproj", "{9B56CA05-1382-42D9-BAB7-CF84694D6DD6}"
EndProject
Project("{FAE04EC0-301F-11D3-BF4B-00C04F79EFBC}") = "Lab10", "Lab10\Lab10.csproj", "{4DA232C6-5AFD-4874-B1A3-06FF58A55874}"
EndProject
Project("{FAE04EC0-301F-11D3-BF4B-00C04F79EFBC}") = "Lab12", "Lab12\Lab12.csproj", "{6381F762-7061-4490-83E8-B2B11B1311E5}"
EndProject
Project("{FAE04EC0-301F-11D3-BF4B-00C04F79EFBC}") = "Assignment4", "Assignment4\Assignment4.csproj", "{3F06AD48-9F7E-4C1E-A5F4-9858A52A1FB8}"
EndProject
Project("{FAE04EC0-301F-11D3-BF4B-00C04F79EFBC}") = "FinalProject", "FinalProject\FinalProject.csproj", "{8186F66D-D090-4F17-BC6A-BC7CE80710B6}"
EndProject
Global
	GlobalSection(SolutionConfigurationPlatforms) = preSolution
		Debug|x86 = Debug|x86
		Release|x86 = Release|x86
	EndGlobalSection
	GlobalSection(ProjectConfigurationPlatforms) = postSolution
		{8EA2CD77-0926-4CA5-8963-3E9CDA3BF504}.Debug|x86.ActiveCfg = Debug|x86
		{8EA2CD77-0926-4CA5-8963-3E9CDA3BF504}.Debug|x86.Build.0 = Debug|x86
		{8EA2CD77-0926-4CA5-8963-3E9CDA3BF504}.Release|x86.ActiveCfg = Release|x86
		{8EA2CD77-0926-4CA5-8963-3E9CDA3BF504}.Release|x86.Build.0 = Release|x86
		{A1F189F8-05F8-4418-A1DD-D1944B8B43BA}.Debug|x86.ActiveCfg = Debug|x86
		{A1F189F8-05F8-4418-A1DD-D1944B8B43BA}.Debug|x86.Build.0 = Debug|x86
		{A1F189F8-05F8-4418-A1DD-D1944B8B43BA}.Release|x86.ActiveCfg = Release|x86
		{A1F189F8-05F8-4418-A1DD-D1944B8B43BA}.Release|x86.Build.0 = Release|x86
		{2AE3D5AD-8328-4138-BAFA-48D0DE6927AA}.Debug|x86.ActiveCfg = Debug|x86
		{2AE3D5AD-8328-4138-BAFA-48D0DE6927AA}.Debug|x86.Build.0 = Debug|x86
		{2AE3D5AD-8328-4138-BAFA-48D0DE6927AA}.Release|x86.ActiveCfg = Release|x86
		{2AE3D5AD-8328-4138-BAFA-48D0DE6927AA}.Release|x86.Build.0 = Release|x86
		{B4298217-BA4E-4335-9DDD-7AB5BD0D0105}.Debug|x86.ActiveCfg = Debug|x86
		{B4298217-BA4E-4335-9DDD-7AB5BD0D0105}.Debug|x86.Build.0 = Debug|x86
		{B4298217-BA4E-4335-9DDD-7AB5BD0D0105}.Release|x86.ActiveCfg = Release|x86
		{B4298217-BA4E-4335-9DDD-7AB5BD0D0105}.Release|x86.Build.0 = Release|x86
		{A8CABE3E-41C6-4771-8795-BDA128C51600}.Debug|x86.ActiveCfg = Debug|x86
		{A8CABE3E-41C6-4771-8795-BDA128C51600}.Debug|x86.Build.0 = Debug|x86
		{A8CABE3E-41C6-4771-8795-BDA128C51600}.Release|x86.ActiveCfg = Release|x86
		{A8CABE3E-41C6-4771-8795-BDA128C51600}.Release|x86.Build.0 = Release|x86
		{32480E82-41C8-458B-BCF7-B422ED21BF1C}.Debug|x86.ActiveCfg = Debug|x86
		{32480E82-41C8-458B-BCF7-B422ED21BF1C}.Debug|x86.Build.0 = Debug|x86
		{32480E82-41C8-458B-BCF7-B422ED21BF1C}.Release|x86.ActiveCfg = Release|x86
		{32480E82-41C8-458B-BCF7-B422ED21BF1C}.Release|x86.Build.0 = Release|x86
		{9C71DA6C-E739-42EB-8B14-3F8ACD679B8E}.Debug|x86.ActiveCfg = Debug|x86
		{9C71DA6C-E739-42EB-8B14-3F8ACD679B8E}.Debug|x86.Build.0 = Debug|x86
		{9C71DA6C-E739-42EB-8B14-3F8ACD679B8E}.Release|x86.ActiveCfg = Release|x86
		{9C71DA6C-E739-42EB-8B14-3F8ACD679B8E}.Release|x86.Build.0 = Release|x86
		{9F67954D-F14F-4CBF-BBCF-F6FC3A3F68C9}.Debug|x86.ActiveCfg = Debug|x86
		{9F67954D-F14F-4CBF-BBCF-F6FC3A3F68C9}.Debug|x86.Build.0 = Debug|x86
		{9F67954D-F14F-4CBF-BBCF-F6FC3A3F68C9}.Release|x86.ActiveCfg = Release|x86
		{9F67954D-F14F-4CBF-BBCF-F6FC3A3F68C9}.Release|x86.Build.0 = Release|x86
		{5F77FEDA-40F5-4F8D-A016-4D6DBD6DDDB3}.Debug|x86.ActiveCfg = Debug|x86
		{5F77FEDA-40F5-4F8D-A016-4D6DBD6DDDB3}.Debug|x86.Build.0 = Debug|x86
		{5F77FEDA-40F5-4F8D-A016-4D6DBD6DDDB3}.Release|x86.ActiveCfg = Release|x86
		{5F77FEDA-40F5-4F8D-A016-4D6DBD6DDDB3}.Release|x86.Build.0 = Release|x86
		{302107DF-1957-427F-BC19-5E05953487A2}.Debug|x86.ActiveCfg = Debug|x86
		{302107DF-1957-427F-BC19-5E05953487A2}.Debug|x86.Build.0 = Debug|x86
		{302107DF-1957-427F-BC19-5E05953487A2}.Release|x86.ActiveCfg = Release|x86
		{302107DF-1957-427F-BC19-5E05953487A2}.Release|x86.Build.0 = Release|x86
		{E133BA0A-643B-42C9-88C9-4F9DE59A6257}.Debug|x86.ActiveCfg = Debug|x86
		{E133BA0A-643B-42C9-88C9-4F9DE59A6257}.Debug|x86.Build.0 = Debug|x86
		{E133BA0A-643B-42C9-88C9-4F9DE59A6257}.Release|x86.ActiveCfg = Release|x86
		{E133BA0A-643B-42C9-88C9-4F9DE59A6257}.Release|x86.Build.0 = Release|x86
		{686647AC-7452-46E1-AFB8-7F13BCC23599}.Debug|x86.ActiveCfg = Debug|x86
		{686647AC-7452-46E1-AFB8-7F13BCC23599}.Debug|x86.Build.0 = Debug|x86
		{686647AC-7452-46E1-AFB8-7F13BCC23599}.Release|x86.ActiveCfg = Release|x86
		{686647AC-7452-46E1-AFB8-7F13BCC23599}.Release|x86.Build.0 = Release|x86
		{25901BB2-4A36-46E2-89D5-BBC688AC173E}.Debug|x86.ActiveCfg = Debug|x86
		{25901BB2-4A36-46E2-89D5-BBC688AC173E}.Debug|x86.Build.0 = Debug|x86
		{25901BB2-4A36-46E2-89D5-BBC688AC173E}.Release|x86.ActiveCfg = Release|x86
		{25901BB2-4A36-46E2-89D5-BBC688AC173E}.Release|x86.Build.0 = Release|x86
		{9B56CA05-1382-42D9-BAB7-CF84694D6DD6}.Debug|x86.ActiveCfg = Debug|x86
		{9B56CA05-1382-42D9-BAB7-CF84694D6DD6}.Debug|x86.Build.0 = Debug|x86
		{9B56CA05-1382-42D9-BAB7-CF84694D6DD6}.Release|x86.ActiveCfg = Release|x86
		{9B56CA05-1382-42D9-BAB7-CF84694D6DD6}.Release|x86.Build.0 = Release|x86
		{4DA232C6-5AFD-4874-B1A3-06FF58A55874}.Debug|x86.ActiveCfg = Debug|x86
		{4DA232C6-5AFD-4874-B1A3-06FF58A55874}.Debug|x86.Build.0 = Debug|x86
		{4DA232C6-5AFD-4874-B1A3-06FF58A55874}.Release|x86.ActiveCfg = Release|x86
		{4DA232C6-5AFD-4874-B1A3-06FF58A55874}.Release|x86.Build.0 = Release|x86
		{6381F762-7061-4490-83E8-B2B11B1311E5}.Debug|x86.ActiveCfg = Debug|x86
		{6381F762-7061-4490-83E8-B2B11B1311E5}.Debug|x86.Build.0 = Debug|x86
		{6381F762-7061-4490-83E8-B2B11B1311E5}.Release|x86.ActiveCfg = Release|x86
		{6381F762-7061-4490-83E8-B2B11B1311E5}.Release|x86.Build.0 = Release|x86
		{3F06AD48-9F7E-4C1E-A5F4-9858A52A1FB8}.Debug|x86.ActiveCfg = Debug|x86
		{3F06AD48-9F7E-4C1E-A5F4-9858A52A1FB8}.Debug|x86.Build.0 = Debug|x86
		{3F06AD48-9F7E-4C1E-A5F4-9858A52A1FB8}.Release|x86.ActiveCfg = Release|x86
		{3F06AD48-9F7E-4C1E-A5F4-9858A52A1FB8}.Release|x86.Build.0 = Release|x86
		{8186F66D-D090-4F17-BC6A-BC7CE80710B6}.Debug|x86.ActiveCfg = Debug|x86
		{8186F66D-D090-4F17-BC6A-BC7CE80710B6}.Debug|x86.Build.0 = Debug|x86
		{8186F66D-D090-4F17-BC6A-BC7CE80710B6}.Release|x86.ActiveCfg = Release|x86
		{8186F66D-D090-4F17-BC6A-BC7CE80710B6}.Release|x86.Build.0 = Release|x86
	EndGlobalSection
	GlobalSection(SolutionProperties) = preSolution
		HideSolutionNode = FALSE
	EndGlobalSection
	GlobalSection(ExtensibilityGlobals) = postSolution
		SolutionGuid = {FADD0DE5-D4DA-49A2-9DE3-C8CBEF5C8557}
	EndGlobalSection
EndGlobal
